
Microsoft Visual Studio Solution File, Format Version 12.00
# Visual Studio Version 17
VisualStudioVersion = 17.0.31903.59
MinimumVisualStudioVersion = 10.0.40219.1
Project("{2150E333-8FDC-42A3-9474-1A3956D46DE8}") = "src", "src", "{827E0CD3-B72D-47B6-A68D-7590B98EB39B}"
EndProject
Project("{FAE04EC0-301F-11D3-BF4B-00C04F79EFBC}") = "AppAssetSentinel.Core", "src\AppAssetSentinel.Core\AppAssetSentinel.Core.csproj", "{9B5CC073-5F55-4D2D-A10D-85B51ACD3765}"
EndProject
Project("{FAE04EC0-301F-11D3-BF4B-00C04F79EFBC}") = "AppAssetSentinel.App", "src\AppAssetSentinel.App\AppAssetSentinel.App.csproj", "{11D27E74-5AF8-4725-BB8F-55FC14FE4C57}"
EndProject
Project("{FAE04EC0-301F-11D3-BF4B-00C04F79EFBC}") = "AppAssetSentinel.Tests", "src\AppAssetSentinel.Tests\AppAssetSentinel.Tests.csproj", "{79C767D9-0075-459C-A478-70B33819B2D8}"
EndProject
Global
	GlobalSection(SolutionConfigurationPlatforms) = preSolution
		Debug|Any CPU = Debug|Any CPU
		Debug|x64 = Debug|x64
		Debug|x86 = Debug|x86
		Release|Any CPU = Release|Any CPU
		Release|x64 = Release|x64
		Release|x86 = Release|x86
	EndGlobalSection
	GlobalSection(ProjectConfigurationPlatforms) = postSolution
		{9B5CC073-5F55-4D2D-A10D-85B51ACD3765}.Debug|Any CPU.ActiveCfg = Debug|Any CPU
		{9B5CC073-5F55-4D2D-A10D-85B51ACD3765}.Debug|Any CPU.Build.0 = Debug|Any CPU
		{9B5CC073-5F55-4D2D-A10D-85B51ACD3765}.Debug|x64.ActiveCfg = Debug|Any CPU
		{9B5CC073-5F55-4D2D-A10D-85B51ACD3765}.Debug|x64.Build.0 = Debug|Any CPU
		{9B5CC073-5F55-4D2D-A10D-85B51ACD3765}.Debug|x86.ActiveCfg = Debug|Any CPU
		{9B5CC073-5F55-4D2D-A10D-85B51ACD3765}.Debug|x86.Build.0 = Debug|Any CPU
		{9B5CC073-5F55-4D2D-A10D-85B51ACD3765}.Release|Any CPU.ActiveCfg = Release|Any CPU
		{9B5CC073-5F55-4D2D-A10D-85B51ACD3765}.Release|Any CPU.Build.0 = Release|Any CPU
		{9B5CC073-5F55-4D2D-A10D-85B51ACD3765}.Release|x64.ActiveCfg = Release|Any CPU
		{9B5CC073-5F55-4D2D-A10D-85B51ACD3765}.Release|x64.Build.0 = Release|Any CPU
		{9B5CC073-5F55-4D2D-A10D-85B51ACD3765}.Release|x86.ActiveCfg = Release|Any CPU
		{9B5CC073-5F55-4D2D-A10D-85B51ACD3765}.Release|x86.Build.0 = Release|Any CPU
		{11D27E74-5AF8-4725-BB8F-55FC14FE4C57}.Debug|Any CPU.ActiveCfg = Debug|Any CPU
		{11D27E74-5AF8-4725-BB8F-55FC14FE4C57}.Debug|Any CPU.Build.0 = Debug|Any CPU
		{11D27E74-5AF8-4725-BB8F-55FC14FE4C57}.Debug|x64.ActiveCfg = Debug|Any CPU
		{11D27E74-5AF8-4725-BB8F-55FC14FE4C57}.Debug|x64.Build.0 = Debug|Any CPU
		{11D27E74-5AF8-4725-BB8F-55FC14FE4C57}.Debug|x86.ActiveCfg = Debug|Any CPU
		{11D27E74-5AF8-4725-BB8F-55FC14FE4C57}.Debug|x86.Build.0 = Debug|Any CPU
		{11D27E74-5AF8-4725-BB8F-55FC14FE4C57}.Release|Any CPU.ActiveCfg = Release|Any CPU
		{11D27E74-5AF8-4725-BB8F-55FC14FE4C57}.Release|Any CPU.Build.0 = Release|Any CPU
		{11D27E74-5AF8-4725-BB8F-55FC14FE4C57}.Release|x64.ActiveCfg = Release|Any CPU
		{11D27E74-5AF8-4725-BB8F-55FC14FE4C57}.Release|x64.Build.0 = Release|Any CPU
		{11D27E74-5AF8-4725-BB8F-55FC14FE4C57}.Release|x86.ActiveCfg = Release|Any CPU
		{11D27E74-5AF8-4725-BB8F-55FC14FE4C57}.Release|x86.Build.0 = Release|Any CPU
		{79C767D9-0075-459C-A478-70B33819B2D8}.Debug|Any CPU.ActiveCfg = Debug|Any CPU
		{79C767D9-0075-459C-A478-70B33819B2D8}.Debug|Any CPU.Build.0 = Debug|Any CPU
		{79C767D9-0075-459C-A478-70B33819B2D8}.Debug|x64.ActiveCfg = Debug|Any CPU
		{79C767D9-0075-459C-A478-70B33819B2D8}.Debug|x64.Build.0 = Debug|Any CPU
		{79C767D9-0075-459C-A478-70B33819B2D8}.Debug|x86.ActiveCfg = Debug|Any CPU
		{79C767D9-0075-459C-A478-70B33819B2D8}.Debug|x86.Build.0 = Debug|Any CPU
		{79C767D9-0075-459C-A478-70B33819B2D8}.Release|Any CPU.ActiveCfg = Release|Any CPU
		{79C767D9-0075-459C-A478-70B33819B2D8}.Release|Any CPU.Build.0 = Release|Any CPU
		{79C767D9-0075-459C-A478-70B33819B2D8}.Release|x64.ActiveCfg = Release|Any CPU
		{79C767D9-0075-459C-A478-70B33819B2D8}.Release|x64.Build.0 = Release|Any CPU
		{79C767D9-0075-459C-A478-70B33819B2D8}.Release|x86.ActiveCfg = Release|Any CPU
		{79C767D9-0075-459C-A478-70B33819B2D8}.Release|x86.Build.0 = Release|Any CPU
	EndGlobalSection
	GlobalSection(SolutionProperties) = preSolution
		HideSolutionNode = FALSE
	EndGlobalSection
	GlobalSection(NestedProjects) = preSolution
		{9B5CC073-5F55-4D2D-A10D-85B51ACD3765} = {827E0CD3-B72D-47B6-A68D-7590B98EB39B}
		{11D27E74-5AF8-4725-BB8F-55FC14FE4C57} = {827E0CD3-B72D-47B6-A68D-7590B98EB39B}
		{79C767D9-0075-459C-A478-70B33819B2D8} = {827E0CD3-B72D-47B6-A68D-7590B98EB39B}
	EndGlobalSection
EndGlobal
